
Microsoft Visual Studio Solution File, Format Version 12.00
# Visual Studio Version 17
VisualStudioVersion = 17.8.34309.116
MinimumVisualStudioVersion = 10.0.40219.1
Project("{9A19103F-16F7-4668-BE54-9A1E7A4F7556}") = "WPFStyleTemplate", "WPFStyleTemplate\WPFStyleTemplate.csproj", "{BE6E4B94-0F6C-4923-BD62-FF5FC64E2399}"
EndProject
Project("{9A19103F-16F7-4668-BE54-9A1E7A4F7556}") = "WPFImageExplorer", "WPFImageExplorer\WPFImageExplorer.csproj", "{6DBD5BC6-3860-40DC-B1D7-BCDD470AD419}"
EndProject
Project("{9A19103F-16F7-4668-BE54-9A1E7A4F7556}") = "WPFListBoxExample", "WPFListBoxExample\WPFListBoxExample.csproj", "{9A4B789B-C031-4320-B03C-51D4DCF921D4}"
EndProject
Project("{9A19103F-16F7-4668-BE54-9A1E7A4F7556}") = "WPFSelectedRange", "WPFSelectedRange\WPFSelectedRange.csproj", "{5F3F3A84-B965-436E-AFDD-E5C26404FF4C}"
EndProject
Project("{2150E333-8FDC-42A3-9474-1A3956D46DE8}") = "WPFPrisms", "WPFPrisms", "{2104BD51-3C4E-4A29-B895-A84994E09C55}"
EndProject
Project("{9A19103F-16F7-4668-BE54-9A1E7A4F7556}") = "WPFShell", "WPFShell\WPFShell.csproj", "{C6F225FF-6504-485B-8217-D773BC39DB09}"
EndProject
Project("{9A19103F-16F7-4668-BE54-9A1E7A4F7556}") = "WPFModuleA", "WPFModuleA\WPFModuleA.csproj", "{F464EC68-950A-4820-9D67-C00BC2E758D3}"
EndProject
Project("{FAE04EC0-301F-11D3-BF4B-00C04F79EFBC}") = "WPFModuleB", "WPFModuleB\WPFModuleB.csproj", "{AFD980AE-18D6-43D2-AFD4-AD30F5DF0432}"
EndProject
Project("{FAE04EC0-301F-11D3-BF4B-00C04F79EFBC}") = "WPFModuleCore", "WPFModuleCore\WPFModuleCore.csproj", "{4F5E5747-C6A4-4285-B4E1-81EED5DD04B0}"
EndProject
Global
	GlobalSection(SolutionConfigurationPlatforms) = preSolution
		Debug|Any CPU = Debug|Any CPU
		Release|Any CPU = Release|Any CPU
	EndGlobalSection
	GlobalSection(ProjectConfigurationPlatforms) = postSolution
		{BE6E4B94-0F6C-4923-BD62-FF5FC64E2399}.Debug|Any CPU.ActiveCfg = Debug|Any CPU
		{BE6E4B94-0F6C-4923-BD62-FF5FC64E2399}.Debug|Any CPU.Build.0 = Debug|Any CPU
		{BE6E4B94-0F6C-4923-BD62-FF5FC64E2399}.Release|Any CPU.ActiveCfg = Release|Any CPU
		{BE6E4B94-0F6C-4923-BD62-FF5FC64E2399}.Release|Any CPU.Build.0 = Release|Any CPU
		{6DBD5BC6-3860-40DC-B1D7-BCDD470AD419}.Debug|Any CPU.ActiveCfg = Debug|Any CPU
		{6DBD5BC6-3860-40DC-B1D7-BCDD470AD419}.Debug|Any CPU.Build.0 = Debug|Any CPU
		{6DBD5BC6-3860-40DC-B1D7-BCDD470AD419}.Release|Any CPU.ActiveCfg = Release|Any CPU
		{6DBD5BC6-3860-40DC-B1D7-BCDD470AD419}.Release|Any CPU.Build.0 = Release|Any CPU
		{9A4B789B-C031-4320-B03C-51D4DCF921D4}.Debug|Any CPU.ActiveCfg = Debug|Any CPU
		{9A4B789B-C031-4320-B03C-51D4DCF921D4}.Debug|Any CPU.Build.0 = Debug|Any CPU
		{9A4B789B-C031-4320-B03C-51D4DCF921D4}.Release|Any CPU.ActiveCfg = Release|Any CPU
		{9A4B789B-C031-4320-B03C-51D4DCF921D4}.Release|Any CPU.Build.0 = Release|Any CPU
		{5F3F3A84-B965-436E-AFDD-E5C26404FF4C}.Debug|Any CPU.ActiveCfg = Debug|Any CPU
		{5F3F3A84-B965-436E-AFDD-E5C26404FF4C}.Debug|Any CPU.Build.0 = Debug|Any CPU
		{5F3F3A84-B965-436E-AFDD-E5C26404FF4C}.Release|Any CPU.ActiveCfg = Release|Any CPU
		{5F3F3A84-B965-436E-AFDD-E5C26404FF4C}.Release|Any CPU.Build.0 = Release|Any CPU
		{C6F225FF-6504-485B-8217-D773BC39DB09}.Debug|Any CPU.ActiveCfg = Debug|Any CPU
		{C6F225FF-6504-485B-8217-D773BC39DB09}.Debug|Any CPU.Build.0 = Debug|Any CPU
		{C6F225FF-6504-485B-8217-D773BC39DB09}.Release|Any CPU.ActiveCfg = Release|Any CPU
		{C6F225FF-6504-485B-8217-D773BC39DB09}.Release|Any CPU.Build.0 = Release|Any CPU
		{F464EC68-950A-4820-9D67-C00BC2E758D3}.Debug|Any CPU.ActiveCfg = Debug|Any CPU
		{F464EC68-950A-4820-9D67-C00BC2E758D3}.Debug|Any CPU.Build.0 = Debug|Any CPU
		{F464EC68-950A-4820-9D67-C00BC2E758D3}.Release|Any CPU.ActiveCfg = Release|Any CPU
		{F464EC68-950A-4820-9D67-C00BC2E758D3}.Release|Any CPU.Build.0 = Release|Any CPU
		{AFD980AE-18D6-43D2-AFD4-AD30F5DF0432}.Debug|Any CPU.ActiveCfg = Debug|Any CPU
		{AFD980AE-18D6-43D2-AFD4-AD30F5DF0432}.Debug|Any CPU.Build.0 = Debug|Any CPU
		{AFD980AE-18D6-43D2-AFD4-AD30F5DF0432}.Release|Any CPU.ActiveCfg = Release|Any CPU
		{AFD980AE-18D6-43D2-AFD4-AD30F5DF0432}.Release|Any CPU.Build.0 = Release|Any CPU
		{4F5E5747-C6A4-4285-B4E1-81EED5DD04B0}.Debug|Any CPU.ActiveCfg = Debug|Any CPU
		{4F5E5747-C6A4-4285-B4E1-81EED5DD04B0}.Debug|Any CPU.Build.0 = Debug|Any CPU
		{4F5E5747-C6A4-4285-B4E1-81EED5DD04B0}.Release|Any CPU.ActiveCfg = Release|Any CPU
		{4F5E5747-C6A4-4285-B4E1-81EED5DD04B0}.Release|Any CPU.Build.0 = Release|Any CPU
	EndGlobalSection
	GlobalSection(SolutionProperties) = preSolution
		HideSolutionNode = FALSE
	EndGlobalSection
	GlobalSection(NestedProjects) = preSolution
		{C6F225FF-6504-485B-8217-D773BC39DB09} = {2104BD51-3C4E-4A29-B895-A84994E09C55}
		{F464EC68-950A-4820-9D67-C00BC2E758D3} = {2104BD51-3C4E-4A29-B895-A84994E09C55}
		{AFD980AE-18D6-43D2-AFD4-AD30F5DF0432} = {2104BD51-3C4E-4A29-B895-A84994E09C55}
		{4F5E5747-C6A4-4285-B4E1-81EED5DD04B0} = {2104BD51-3C4E-4A29-B895-A84994E09C55}
	EndGlobalSection
	GlobalSection(ExtensibilityGlobals) = postSolution
		SolutionGuid = {7A003314-7301-4177-830E-0059B73281E6}
	EndGlobalSection
EndGlobal
