
Microsoft Visual Studio Solution File, Format Version 12.00
# Visual Studio Version 16
VisualStudioVersion = 16.0.31702.278
MinimumVisualStudioVersion = 10.0.40219.1
Project("{9A19103F-16F7-4668-BE54-9A1E7A4F7556}") = "WPFStyleTemplate", "WPFStyleTemplate\WPFStyleTemplate.csproj", "{BE6E4B94-0F6C-4923-BD62-FF5FC64E2399}"
EndProject
Project("{9A19103F-16F7-4668-BE54-9A1E7A4F7556}") = "MdLibControls", "MdLibControls\MdLibControls.csproj", "{38AE39D3-C1F4-40CA-BDE7-966914955B21}"
EndProject
Project("{FAE04EC0-301F-11D3-BF4B-00C04F79EFBC}") = "WPFImageExplorer", "WPFImageExplorer\WPFImageExplorer.csproj", "{6DBD5BC6-3860-40DC-B1D7-BCDD470AD419}"
EndProject
Global
	GlobalSection(SolutionConfigurationPlatforms) = preSolution
		Debug|Any CPU = Debug|Any CPU
		Release|Any CPU = Release|Any CPU
	EndGlobalSection
	GlobalSection(ProjectConfigurationPlatforms) = postSolution
		{BE6E4B94-0F6C-4923-BD62-FF5FC64E2399}.Debug|Any CPU.ActiveCfg = Debug|Any CPU
		{BE6E4B94-0F6C-4923-BD62-FF5FC64E2399}.Debug|Any CPU.Build.0 = Debug|Any CPU
		{BE6E4B94-0F6C-4923-BD62-FF5FC64E2399}.Release|Any CPU.ActiveCfg = Release|Any CPU
		{BE6E4B94-0F6C-4923-BD62-FF5FC64E2399}.Release|Any CPU.Build.0 = Release|Any CPU
		{38AE39D3-C1F4-40CA-BDE7-966914955B21}.Debug|Any CPU.ActiveCfg = Debug|Any CPU
		{38AE39D3-C1F4-40CA-BDE7-966914955B21}.Debug|Any CPU.Build.0 = Debug|Any CPU
		{38AE39D3-C1F4-40CA-BDE7-966914955B21}.Release|Any CPU.ActiveCfg = Release|Any CPU
		{38AE39D3-C1F4-40CA-BDE7-966914955B21}.Release|Any CPU.Build.0 = Release|Any CPU
		{6DBD5BC6-3860-40DC-B1D7-BCDD470AD419}.Debug|Any CPU.ActiveCfg = Debug|Any CPU
		{6DBD5BC6-3860-40DC-B1D7-BCDD470AD419}.Debug|Any CPU.Build.0 = Debug|Any CPU
		{6DBD5BC6-3860-40DC-B1D7-BCDD470AD419}.Release|Any CPU.ActiveCfg = Release|Any CPU
		{6DBD5BC6-3860-40DC-B1D7-BCDD470AD419}.Release|Any CPU.Build.0 = Release|Any CPU
	EndGlobalSection
	GlobalSection(SolutionProperties) = preSolution
		HideSolutionNode = FALSE
	EndGlobalSection
	GlobalSection(ExtensibilityGlobals) = postSolution
		SolutionGuid = {7A003314-7301-4177-830E-0059B73281E6}
	EndGlobalSection
EndGlobal
